
Microsoft Visual Studio Solution File, Format Version 12.00
# Visual Studio 15
VisualStudioVersion = 15.0.26124.0
MinimumVisualStudioVersion = 15.0.26124.0
Project("{FAE04EC0-301F-11D3-BF4B-00C04F79EFBC}") = "dukaan.web", "dukaan.web\dukaan.web.csproj", "{4AEFDBF8-8349-4E16-B467-45771228C690}"
EndProject
Project("{FAE04EC0-301F-11D3-BF4B-00C04F79EFBC}") = "dukaan.dataapi.tests", "dukaan.dataapi.tests\dukaan.dataapi.tests.csproj", "{CF204459-91F8-46F8-A23A-084CCE5FE129}"
EndProject
Project("{FAE04EC0-301F-11D3-BF4B-00C04F79EFBC}") = "dukaan.web.tests", "dukaan.web.tests\dukaan.web.tests.csproj", "{72ED7C3F-60FF-47FC-98C1-05C99B9B25F5}"
EndProject
Global
	GlobalSection(SolutionConfigurationPlatforms) = preSolution
		Debug|Any CPU = Debug|Any CPU
		Debug|x64 = Debug|x64
		Debug|x86 = Debug|x86
		Release|Any CPU = Release|Any CPU
		Release|x64 = Release|x64
		Release|x86 = Release|x86
	EndGlobalSection
	GlobalSection(SolutionProperties) = preSolution
		HideSolutionNode = FALSE
	EndGlobalSection
	GlobalSection(ProjectConfigurationPlatforms) = postSolution
		{4AEFDBF8-8349-4E16-B467-45771228C690}.Debug|Any CPU.ActiveCfg = Debug|Any CPU
		{4AEFDBF8-8349-4E16-B467-45771228C690}.Debug|Any CPU.Build.0 = Debug|Any CPU
		{4AEFDBF8-8349-4E16-B467-45771228C690}.Debug|x64.ActiveCfg = Debug|Any CPU
		{4AEFDBF8-8349-4E16-B467-45771228C690}.Debug|x64.Build.0 = Debug|Any CPU
		{4AEFDBF8-8349-4E16-B467-45771228C690}.Debug|x86.ActiveCfg = Debug|Any CPU
		{4AEFDBF8-8349-4E16-B467-45771228C690}.Debug|x86.Build.0 = Debug|Any CPU
		{4AEFDBF8-8349-4E16-B467-45771228C690}.Release|Any CPU.ActiveCfg = Release|Any CPU
		{4AEFDBF8-8349-4E16-B467-45771228C690}.Release|Any CPU.Build.0 = Release|Any CPU
		{4AEFDBF8-8349-4E16-B467-45771228C690}.Release|x64.ActiveCfg = Release|Any CPU
		{4AEFDBF8-8349-4E16-B467-45771228C690}.Release|x64.Build.0 = Release|Any CPU
		{4AEFDBF8-8349-4E16-B467-45771228C690}.Release|x86.ActiveCfg = Release|Any CPU
		{4AEFDBF8-8349-4E16-B467-45771228C690}.Release|x86.Build.0 = Release|Any CPU
		{CF204459-91F8-46F8-A23A-084CCE5FE129}.Debug|Any CPU.ActiveCfg = Debug|Any CPU
		{CF204459-91F8-46F8-A23A-084CCE5FE129}.Debug|Any CPU.Build.0 = Debug|Any CPU
		{CF204459-91F8-46F8-A23A-084CCE5FE129}.Debug|x64.ActiveCfg = Debug|Any CPU
		{CF204459-91F8-46F8-A23A-084CCE5FE129}.Debug|x64.Build.0 = Debug|Any CPU
		{CF204459-91F8-46F8-A23A-084CCE5FE129}.Debug|x86.ActiveCfg = Debug|Any CPU
		{CF204459-91F8-46F8-A23A-084CCE5FE129}.Debug|x86.Build.0 = Debug|Any CPU
		{CF204459-91F8-46F8-A23A-084CCE5FE129}.Release|Any CPU.ActiveCfg = Release|Any CPU
		{CF204459-91F8-46F8-A23A-084CCE5FE129}.Release|Any CPU.Build.0 = Release|Any CPU
		{CF204459-91F8-46F8-A23A-084CCE5FE129}.Release|x64.ActiveCfg = Release|Any CPU
		{CF204459-91F8-46F8-A23A-084CCE5FE129}.Release|x64.Build.0 = Release|Any CPU
		{CF204459-91F8-46F8-A23A-084CCE5FE129}.Release|x86.ActiveCfg = Release|Any CPU
		{CF204459-91F8-46F8-A23A-084CCE5FE129}.Release|x86.Build.0 = Release|Any CPU
		{72ED7C3F-60FF-47FC-98C1-05C99B9B25F5}.Debug|Any CPU.ActiveCfg = Debug|Any CPU
		{72ED7C3F-60FF-47FC-98C1-05C99B9B25F5}.Debug|Any CPU.Build.0 = Debug|Any CPU
		{72ED7C3F-60FF-47FC-98C1-05C99B9B25F5}.Debug|x64.ActiveCfg = Debug|Any CPU
		{72ED7C3F-60FF-47FC-98C1-05C99B9B25F5}.Debug|x64.Build.0 = Debug|Any CPU
		{72ED7C3F-60FF-47FC-98C1-05C99B9B25F5}.Debug|x86.ActiveCfg = Debug|Any CPU
		{72ED7C3F-60FF-47FC-98C1-05C99B9B25F5}.Debug|x86.Build.0 = Debug|Any CPU
		{72ED7C3F-60FF-47FC-98C1-05C99B9B25F5}.Release|Any CPU.ActiveCfg = Release|Any CPU
		{72ED7C3F-60FF-47FC-98C1-05C99B9B25F5}.Release|Any CPU.Build.0 = Release|Any CPU
		{72ED7C3F-60FF-47FC-98C1-05C99B9B25F5}.Release|x64.ActiveCfg = Release|Any CPU
		{72ED7C3F-60FF-47FC-98C1-05C99B9B25F5}.Release|x64.Build.0 = Release|Any CPU
		{72ED7C3F-60FF-47FC-98C1-05C99B9B25F5}.Release|x86.ActiveCfg = Release|Any CPU
		{72ED7C3F-60FF-47FC-98C1-05C99B9B25F5}.Release|x86.Build.0 = Release|Any CPU
	EndGlobalSection
EndGlobal
